// !$*UTF8*$!
{
	archiveVersion = 1;
	classes = {
	};
	objectVersion = 46;
	objects = {

/* Begin PBXBuildFile section */
		6395A1151C72A94E00E6A077 /* AppDelegate.swift in Sources */ = {isa = PBXBuildFile; fileRef = 6395A1141C72A94E00E6A077 /* AppDelegate.swift */; };
		6395A1171C72A94E00E6A077 /* ViewController.swift in Sources */ = {isa = PBXBuildFile; fileRef = 6395A1161C72A94E00E6A077 /* ViewController.swift */; };
		6395A11A1C72A94E00E6A077 /* Main.storyboard in Resources */ = {isa = PBXBuildFile; fileRef = 6395A1181C72A94E00E6A077 /* Main.storyboard */; };
		6395A11C1C72A94E00E6A077 /* Assets.xcassets in Resources */ = {isa = PBXBuildFile; fileRef = 6395A11B1C72A94E00E6A077 /* Assets.xcassets */; };
		6395A11F1C72A94E00E6A077 /* LaunchScreen.storyboard in Resources */ = {isa = PBXBuildFile; fileRef = 6395A11D1C72A94E00E6A077 /* LaunchScreen.storyboard */; };
		6395A12A1C72A94E00E6A077 /* NewsletterForGmailTests.swift in Sources */ = {isa = PBXBuildFile; fileRef = 6395A1291C72A94E00E6A077 /* NewsletterForGmailTests.swift */; };
		6395A1351C72A94E00E6A077 /* NewsletterForGmailUITests.swift in Sources */ = {isa = PBXBuildFile; fileRef = 6395A1341C72A94E00E6A077 /* NewsletterForGmailUITests.swift */; };
		6395A14B1C72A98700E6A077 /* GmailAPI.swift in Sources */ = {isa = PBXBuildFile; fileRef = 6395A1421C72A98700E6A077 /* GmailAPI.swift */; };
		6395A14C1C72A98700E6A077 /* GmailAPI+OAuth2Provider.swift in Sources */ = {isa = PBXBuildFile; fileRef = 6395A1431C72A98700E6A077 /* GmailAPI+OAuth2Provider.swift */; };
		6395A14D1C72A98700E6A077 /* GmailMessageReference.swift in Sources */ = {isa = PBXBuildFile; fileRef = 6395A1441C72A98700E6A077 /* GmailMessageReference.swift */; };
		6395A14E1C72A98700E6A077 /* GmailOAuth2.swift in Sources */ = {isa = PBXBuildFile; fileRef = 6395A1451C72A98700E6A077 /* GmailOAuth2.swift */; };
		6395A14F1C72A98700E6A077 /* GmailTypedReactiveAPIProvider.swift in Sources */ = {isa = PBXBuildFile; fileRef = 6395A1461C72A98700E6A077 /* GmailTypedReactiveAPIProvider.swift */; };
		6395A1501C72A98700E6A077 /* GmailTypedReactiveAPIProvider+searchMessages.swift in Sources */ = {isa = PBXBuildFile; fileRef = 6395A1471C72A98700E6A077 /* GmailTypedReactiveAPIProvider+searchMessages.swift */; };
		6395A1511C72A98700E6A077 /* NSMutableURLRequest+OAuth2Signining.swift in Sources */ = {isa = PBXBuildFile; fileRef = 6395A1481C72A98700E6A077 /* NSMutableURLRequest+OAuth2Signining.swift */; };
		6395A1521C72A98700E6A077 /* ReactiveCocoa+Moya+SwiftyJSON.swift in Sources */ = {isa = PBXBuildFile; fileRef = 6395A1491C72A98700E6A077 /* ReactiveCocoa+Moya+SwiftyJSON.swift */; };
		6395A1531C72A98700E6A077 /* SwiftyJSONCompletion.swift in Sources */ = {isa = PBXBuildFile; fileRef = 6395A14A1C72A98700E6A077 /* SwiftyJSONCompletion.swift */; };
		6395A15D1C72A9F900E6A077 /* Alamofire.framework in Frameworks */ = {isa = PBXBuildFile; fileRef = 6395A1551C72A9F900E6A077 /* Alamofire.framework */; };
		6395A15E1C72A9F900E6A077 /* Alamofire.framework in Embed Frameworks */ = {isa = PBXBuildFile; fileRef = 6395A1551C72A9F900E6A077 /* Alamofire.framework */; settings = {ATTRIBUTES = (CodeSignOnCopy, RemoveHeadersOnCopy, ); }; };
		6395A15F1C72A9F900E6A077 /* Moya.framework in Frameworks */ = {isa = PBXBuildFile; fileRef = 6395A1561C72A9F900E6A077 /* Moya.framework */; };
		6395A1601C72A9F900E6A077 /* Moya.framework in Embed Frameworks */ = {isa = PBXBuildFile; fileRef = 6395A1561C72A9F900E6A077 /* Moya.framework */; settings = {ATTRIBUTES = (CodeSignOnCopy, RemoveHeadersOnCopy, ); }; };
		6395A1611C72A9F900E6A077 /* OAuth2.framework in Frameworks */ = {isa = PBXBuildFile; fileRef = 6395A1571C72A9F900E6A077 /* OAuth2.framework */; };
		6395A1621C72A9F900E6A077 /* OAuth2.framework in Embed Frameworks */ = {isa = PBXBuildFile; fileRef = 6395A1571C72A9F900E6A077 /* OAuth2.framework */; settings = {ATTRIBUTES = (CodeSignOnCopy, RemoveHeadersOnCopy, ); }; };
		6395A1631C72A9F900E6A077 /* ReactiveCocoa.framework in Frameworks */ = {isa = PBXBuildFile; fileRef = 6395A1581C72A9F900E6A077 /* ReactiveCocoa.framework */; };
		6395A1641C72A9F900E6A077 /* ReactiveCocoa.framework in Embed Frameworks */ = {isa = PBXBuildFile; fileRef = 6395A1581C72A9F900E6A077 /* ReactiveCocoa.framework */; settings = {ATTRIBUTES = (CodeSignOnCopy, RemoveHeadersOnCopy, ); }; };
		6395A1651C72A9F900E6A077 /* ReactiveMoya.framework in Frameworks */ = {isa = PBXBuildFile; fileRef = 6395A1591C72A9F900E6A077 /* ReactiveMoya.framework */; };
		6395A1661C72A9F900E6A077 /* ReactiveMoya.framework in Embed Frameworks */ = {isa = PBXBuildFile; fileRef = 6395A1591C72A9F900E6A077 /* ReactiveMoya.framework */; settings = {ATTRIBUTES = (CodeSignOnCopy, RemoveHeadersOnCopy, ); }; };
		6395A1671C72A9F900E6A077 /* Result.framework in Frameworks */ = {isa = PBXBuildFile; fileRef = 6395A15A1C72A9F900E6A077 /* Result.framework */; };
		6395A1681C72A9F900E6A077 /* Result.framework in Embed Frameworks */ = {isa = PBXBuildFile; fileRef = 6395A15A1C72A9F900E6A077 /* Result.framework */; settings = {ATTRIBUTES = (CodeSignOnCopy, RemoveHeadersOnCopy, ); }; };
		6395A1691C72A9F900E6A077 /* SwiftyJSON.framework in Frameworks */ = {isa = PBXBuildFile; fileRef = 6395A15B1C72A9F900E6A077 /* SwiftyJSON.framework */; };
		6395A16A1C72A9F900E6A077 /* SwiftyJSON.framework in Embed Frameworks */ = {isa = PBXBuildFile; fileRef = 6395A15B1C72A9F900E6A077 /* SwiftyJSON.framework */; settings = {ATTRIBUTES = (CodeSignOnCopy, RemoveHeadersOnCopy, ); }; };
		6395A16B1C72A9F900E6A077 /* TypeBurritoFramework.framework in Frameworks */ = {isa = PBXBuildFile; fileRef = 6395A15C1C72A9F900E6A077 /* TypeBurritoFramework.framework */; };
		6395A16C1C72A9F900E6A077 /* TypeBurritoFramework.framework in Embed Frameworks */ = {isa = PBXBuildFile; fileRef = 6395A15C1C72A9F900E6A077 /* TypeBurritoFramework.framework */; settings = {ATTRIBUTES = (CodeSignOnCopy, RemoveHeadersOnCopy, ); }; };
		6395A1761C72B20900E6A077 /* SearchTermTests.swift in Sources */ = {isa = PBXBuildFile; fileRef = 6395A1751C72B20900E6A077 /* SearchTermTests.swift */; };
		6395A1791C737FD100E6A077 /* SearchTerm.swift in Sources */ = {isa = PBXBuildFile; fileRef = 6395A1781C737FD100E6A077 /* SearchTerm.swift */; };
		6395A17B1C7381D700E6A077 /* GmailTypedReactiveAPIProvider+searchThreads.swift in Sources */ = {isa = PBXBuildFile; fileRef = 6395A17A1C7381D700E6A077 /* GmailTypedReactiveAPIProvider+searchThreads.swift */; };
		6395A17D1C7388C200E6A077 /* GmailThreadReference.swift in Sources */ = {isa = PBXBuildFile; fileRef = 6395A17C1C7388C200E6A077 /* GmailThreadReference.swift */; };
/* End PBXBuildFile section */

/* Begin PBXContainerItemProxy section */
		6395A1261C72A94E00E6A077 /* PBXContainerItemProxy */ = {
			isa = PBXContainerItemProxy;
			containerPortal = 6395A1091C72A94E00E6A077 /* Project object */;
			proxyType = 1;
			remoteGlobalIDString = 6395A1101C72A94E00E6A077;
			remoteInfo = NewsletterForGmail;
		};
		6395A1311C72A94E00E6A077 /* PBXContainerItemProxy */ = {
			isa = PBXContainerItemProxy;
			containerPortal = 6395A1091C72A94E00E6A077 /* Project object */;
			proxyType = 1;
			remoteGlobalIDString = 6395A1101C72A94E00E6A077;
			remoteInfo = NewsletterForGmail;
		};
/* End PBXContainerItemProxy section */

/* Begin PBXCopyFilesBuildPhase section */
		6395A16D1C72A9FA00E6A077 /* Embed Frameworks */ = {
			isa = PBXCopyFilesBuildPhase;
			buildActionMask = 2147483647;
			dstPath = "";
			dstSubfolderSpec = 10;
			files = (
				6395A1601C72A9F900E6A077 /* Moya.framework in Embed Frameworks */,
				6395A16C1C72A9F900E6A077 /* TypeBurritoFramework.framework in Embed Frameworks */,
				6395A1661C72A9F900E6A077 /* ReactiveMoya.framework in Embed Frameworks */,
				6395A1621C72A9F900E6A077 /* OAuth2.framework in Embed Frameworks */,
				6395A1681C72A9F900E6A077 /* Result.framework in Embed Frameworks */,
				6395A16A1C72A9F900E6A077 /* SwiftyJSON.framework in Embed Frameworks */,
				6395A15E1C72A9F900E6A077 /* Alamofire.framework in Embed Frameworks */,
				6395A1641C72A9F900E6A077 /* ReactiveCocoa.framework in Embed Frameworks */,
			);
			name = "Embed Frameworks";
			runOnlyForDeploymentPostprocessing = 0;
		};
/* End PBXCopyFilesBuildPhase section */

/* Begin PBXFileReference section */
		6395A1111C72A94E00E6A077 /* NewsletterForGmail.app */ = {isa = PBXFileReference; explicitFileType = wrapper.application; includeInIndex = 0; path = NewsletterForGmail.app; sourceTree = BUILT_PRODUCTS_DIR; };
		6395A1141C72A94E00E6A077 /* AppDelegate.swift */ = {isa = PBXFileReference; lastKnownFileType = sourcecode.swift; path = AppDelegate.swift; sourceTree = "<group>"; };
		6395A1161C72A94E00E6A077 /* ViewController.swift */ = {isa = PBXFileReference; lastKnownFileType = sourcecode.swift; path = ViewController.swift; sourceTree = "<group>"; };
		6395A1191C72A94E00E6A077 /* Base */ = {isa = PBXFileReference; lastKnownFileType = file.storyboard; name = Base; path = Base.lproj/Main.storyboard; sourceTree = "<group>"; };
		6395A11B1C72A94E00E6A077 /* Assets.xcassets */ = {isa = PBXFileReference; lastKnownFileType = folder.assetcatalog; path = Assets.xcassets; sourceTree = "<group>"; };
		6395A11E1C72A94E00E6A077 /* Base */ = {isa = PBXFileReference; lastKnownFileType = file.storyboard; name = Base; path = Base.lproj/LaunchScreen.storyboard; sourceTree = "<group>"; };
		6395A1201C72A94E00E6A077 /* Info.plist */ = {isa = PBXFileReference; lastKnownFileType = text.plist.xml; path = Info.plist; sourceTree = "<group>"; };
		6395A1251C72A94E00E6A077 /* NewsletterForGmailTests.xctest */ = {isa = PBXFileReference; explicitFileType = wrapper.cfbundle; includeInIndex = 0; path = NewsletterForGmailTests.xctest; sourceTree = BUILT_PRODUCTS_DIR; };
		6395A1291C72A94E00E6A077 /* NewsletterForGmailTests.swift */ = {isa = PBXFileReference; lastKnownFileType = sourcecode.swift; path = NewsletterForGmailTests.swift; sourceTree = "<group>"; };
		6395A12B1C72A94E00E6A077 /* Info.plist */ = {isa = PBXFileReference; lastKnownFileType = text.plist.xml; path = Info.plist; sourceTree = "<group>"; };
		6395A1301C72A94E00E6A077 /* NewsletterForGmailUITests.xctest */ = {isa = PBXFileReference; explicitFileType = wrapper.cfbundle; includeInIndex = 0; path = NewsletterForGmailUITests.xctest; sourceTree = BUILT_PRODUCTS_DIR; };
		6395A1341C72A94E00E6A077 /* NewsletterForGmailUITests.swift */ = {isa = PBXFileReference; lastKnownFileType = sourcecode.swift; path = NewsletterForGmailUITests.swift; sourceTree = "<group>"; };
		6395A1361C72A94E00E6A077 /* Info.plist */ = {isa = PBXFileReference; lastKnownFileType = text.plist.xml; path = Info.plist; sourceTree = "<group>"; };
		6395A1421C72A98700E6A077 /* GmailAPI.swift */ = {isa = PBXFileReference; fileEncoding = 4; lastKnownFileType = sourcecode.swift; path = GmailAPI.swift; sourceTree = "<group>"; };
		6395A1431C72A98700E6A077 /* GmailAPI+OAuth2Provider.swift */ = {isa = PBXFileReference; fileEncoding = 4; lastKnownFileType = sourcecode.swift; path = "GmailAPI+OAuth2Provider.swift"; sourceTree = "<group>"; };
		6395A1441C72A98700E6A077 /* GmailMessageReference.swift */ = {isa = PBXFileReference; fileEncoding = 4; lastKnownFileType = sourcecode.swift; path = GmailMessageReference.swift; sourceTree = "<group>"; };
		6395A1451C72A98700E6A077 /* GmailOAuth2.swift */ = {isa = PBXFileReference; fileEncoding = 4; lastKnownFileType = sourcecode.swift; path = GmailOAuth2.swift; sourceTree = "<group>"; };
		6395A1461C72A98700E6A077 /* GmailTypedReactiveAPIProvider.swift */ = {isa = PBXFileReference; fileEncoding = 4; lastKnownFileType = sourcecode.swift; path = GmailTypedReactiveAPIProvider.swift; sourceTree = "<group>"; };
		6395A1471C72A98700E6A077 /* GmailTypedReactiveAPIProvider+searchMessages.swift */ = {isa = PBXFileReference; fileEncoding = 4; lastKnownFileType = sourcecode.swift; path = "GmailTypedReactiveAPIProvider+searchMessages.swift"; sourceTree = "<group>"; };
		6395A1481C72A98700E6A077 /* NSMutableURLRequest+OAuth2Signining.swift */ = {isa = PBXFileReference; fileEncoding = 4; lastKnownFileType = sourcecode.swift; path = "NSMutableURLRequest+OAuth2Signining.swift"; sourceTree = "<group>"; };
		6395A1491C72A98700E6A077 /* ReactiveCocoa+Moya+SwiftyJSON.swift */ = {isa = PBXFileReference; fileEncoding = 4; lastKnownFileType = sourcecode.swift; path = "ReactiveCocoa+Moya+SwiftyJSON.swift"; sourceTree = "<group>"; };
		6395A14A1C72A98700E6A077 /* SwiftyJSONCompletion.swift */ = {isa = PBXFileReference; fileEncoding = 4; lastKnownFileType = sourcecode.swift; path = SwiftyJSONCompletion.swift; sourceTree = "<group>"; };
		6395A1551C72A9F900E6A077 /* Alamofire.framework */ = {isa = PBXFileReference; lastKnownFileType = wrapper.framework; name = Alamofire.framework; path = Carthage/Build/iOS/Alamofire.framework; sourceTree = "<group>"; };
		6395A1561C72A9F900E6A077 /* Moya.framework */ = {isa = PBXFileReference; lastKnownFileType = wrapper.framework; name = Moya.framework; path = Carthage/Build/iOS/Moya.framework; sourceTree = "<group>"; };
		6395A1571C72A9F900E6A077 /* OAuth2.framework */ = {isa = PBXFileReference; lastKnownFileType = wrapper.framework; name = OAuth2.framework; path = Carthage/Build/iOS/OAuth2.framework; sourceTree = "<group>"; };
		6395A1581C72A9F900E6A077 /* ReactiveCocoa.framework */ = {isa = PBXFileReference; lastKnownFileType = wrapper.framework; name = ReactiveCocoa.framework; path = Carthage/Build/iOS/ReactiveCocoa.framework; sourceTree = "<group>"; };
		6395A1591C72A9F900E6A077 /* ReactiveMoya.framework */ = {isa = PBXFileReference; lastKnownFileType = wrapper.framework; name = ReactiveMoya.framework; path = Carthage/Build/iOS/ReactiveMoya.framework; sourceTree = "<group>"; };
		6395A15A1C72A9F900E6A077 /* Result.framework */ = {isa = PBXFileReference; lastKnownFileType = wrapper.framework; name = Result.framework; path = Carthage/Build/iOS/Result.framework; sourceTree = "<group>"; };
		6395A15B1C72A9F900E6A077 /* SwiftyJSON.framework */ = {isa = PBXFileReference; lastKnownFileType = wrapper.framework; name = SwiftyJSON.framework; path = Carthage/Build/iOS/SwiftyJSON.framework; sourceTree = "<group>"; };
		6395A15C1C72A9F900E6A077 /* TypeBurritoFramework.framework */ = {isa = PBXFileReference; lastKnownFileType = wrapper.framework; name = TypeBurritoFramework.framework; path = Carthage/Build/iOS/TypeBurritoFramework.framework; sourceTree = "<group>"; };
		6395A1751C72B20900E6A077 /* SearchTermTests.swift */ = {isa = PBXFileReference; fileEncoding = 4; lastKnownFileType = sourcecode.swift; path = SearchTermTests.swift; sourceTree = "<group>"; };
		6395A1781C737FD100E6A077 /* SearchTerm.swift */ = {isa = PBXFileReference; fileEncoding = 4; lastKnownFileType = sourcecode.swift; path = SearchTerm.swift; sourceTree = "<group>"; };
		6395A17A1C7381D700E6A077 /* GmailTypedReactiveAPIProvider+searchThreads.swift */ = {isa = PBXFileReference; fileEncoding = 4; lastKnownFileType = sourcecode.swift; path = "GmailTypedReactiveAPIProvider+searchThreads.swift"; sourceTree = "<group>"; };
		6395A17C1C7388C200E6A077 /* GmailThreadReference.swift */ = {isa = PBXFileReference; fileEncoding = 4; lastKnownFileType = sourcecode.swift; path = GmailThreadReference.swift; sourceTree = "<group>"; };
/* End PBXFileReference section */

/* Begin PBXFrameworksBuildPhase section */
		6395A10E1C72A94E00E6A077 /* Frameworks */ = {
			isa = PBXFrameworksBuildPhase;
			buildActionMask = 2147483647;
			files = (
				6395A15F1C72A9F900E6A077 /* Moya.framework in Frameworks */,
				6395A16B1C72A9F900E6A077 /* TypeBurritoFramework.framework in Frameworks */,
				6395A1651C72A9F900E6A077 /* ReactiveMoya.framework in Frameworks */,
				6395A1611C72A9F900E6A077 /* OAuth2.framework in Frameworks */,
				6395A1671C72A9F900E6A077 /* Result.framework in Frameworks */,
				6395A1691C72A9F900E6A077 /* SwiftyJSON.framework in Frameworks */,
				6395A15D1C72A9F900E6A077 /* Alamofire.framework in Frameworks */,
				6395A1631C72A9F900E6A077 /* ReactiveCocoa.framework in Frameworks */,
			);
			runOnlyForDeploymentPostprocessing = 0;
		};
		6395A1221C72A94E00E6A077 /* Frameworks */ = {
			isa = PBXFrameworksBuildPhase;
			buildActionMask = 2147483647;
			files = (
			);
			runOnlyForDeploymentPostprocessing = 0;
		};
		6395A12D1C72A94E00E6A077 /* Frameworks */ = {
			isa = PBXFrameworksBuildPhase;
			buildActionMask = 2147483647;
			files = (
			);
			runOnlyForDeploymentPostprocessing = 0;
		};
/* End PBXFrameworksBuildPhase section */

/* Begin PBXGroup section */
		6395A1081C72A94E00E6A077 = {
			isa = PBXGroup;
			children = (
				6395A16E1C72AA0B00E6A077 /* Frameworks */,
				6395A1131C72A94E00E6A077 /* NewsletterForGmail */,
				6395A1281C72A94E00E6A077 /* NewsletterForGmailTests */,
				6395A1331C72A94E00E6A077 /* NewsletterForGmailUITests */,
				6395A1121C72A94E00E6A077 /* Products */,
			);
			sourceTree = "<group>";
		};
		6395A1121C72A94E00E6A077 /* Products */ = {
			isa = PBXGroup;
			children = (
				6395A1111C72A94E00E6A077 /* NewsletterForGmail.app */,
				6395A1251C72A94E00E6A077 /* NewsletterForGmailTests.xctest */,
				6395A1301C72A94E00E6A077 /* NewsletterForGmailUITests.xctest */,
			);
			name = Products;
			sourceTree = "<group>";
		};
		6395A1131C72A94E00E6A077 /* NewsletterForGmail */ = {
			isa = PBXGroup;
			children = (
				6395A1541C72A98E00E6A077 /* SwiftyGmail-FappFramework */,
				6395A1141C72A94E00E6A077 /* AppDelegate.swift */,
				6395A1161C72A94E00E6A077 /* ViewController.swift */,
				6395A1181C72A94E00E6A077 /* Main.storyboard */,
				6395A11B1C72A94E00E6A077 /* Assets.xcassets */,
				6395A11D1C72A94E00E6A077 /* LaunchScreen.storyboard */,
				6395A1201C72A94E00E6A077 /* Info.plist */,
			);
			path = NewsletterForGmail;
			sourceTree = "<group>";
		};
		6395A1281C72A94E00E6A077 /* NewsletterForGmailTests */ = {
			isa = PBXGroup;
			children = (
				6395A1741C72B1EE00E6A077 /* SwiftyGmail-FappFramework-Tests */,
				6395A1291C72A94E00E6A077 /* NewsletterForGmailTests.swift */,
				6395A12B1C72A94E00E6A077 /* Info.plist */,
			);
			path = NewsletterForGmailTests;
			sourceTree = "<group>";
		};
		6395A1331C72A94E00E6A077 /* NewsletterForGmailUITests */ = {
			isa = PBXGroup;
			children = (
				6395A1341C72A94E00E6A077 /* NewsletterForGmailUITests.swift */,
				6395A1361C72A94E00E6A077 /* Info.plist */,
			);
			path = NewsletterForGmailUITests;
			sourceTree = "<group>";
		};
		6395A1541C72A98E00E6A077 /* SwiftyGmail-FappFramework */ = {
			isa = PBXGroup;
			children = (
				6395A16F1C72AAAB00E6A077 /* Generic Tools */,
				6395A1701C72AAB500E6A077 /* GmailTypedReactiveAPI */,
			);
			name = "SwiftyGmail-FappFramework";
			sourceTree = "<group>";
		};
		6395A16E1C72AA0B00E6A077 /* Frameworks */ = {
			isa = PBXGroup;
			children = (
				6395A1551C72A9F900E6A077 /* Alamofire.framework */,
				6395A1561C72A9F900E6A077 /* Moya.framework */,
				6395A1571C72A9F900E6A077 /* OAuth2.framework */,
				6395A1581C72A9F900E6A077 /* ReactiveCocoa.framework */,
				6395A1591C72A9F900E6A077 /* ReactiveMoya.framework */,
				6395A15A1C72A9F900E6A077 /* Result.framework */,
				6395A15B1C72A9F900E6A077 /* SwiftyJSON.framework */,
				6395A15C1C72A9F900E6A077 /* TypeBurritoFramework.framework */,
			);
			name = Frameworks;
			sourceTree = "<group>";
		};
		6395A16F1C72AAAB00E6A077 /* Generic Tools */ = {
			isa = PBXGroup;
			children = (
				6395A1491C72A98700E6A077 /* ReactiveCocoa+Moya+SwiftyJSON.swift */,
				6395A14A1C72A98700E6A077 /* SwiftyJSONCompletion.swift */,
				6395A1451C72A98700E6A077 /* GmailOAuth2.swift */,
			);
			name = "Generic Tools";
			sourceTree = "<group>";
		};
		6395A1701C72AAB500E6A077 /* GmailTypedReactiveAPI */ = {
			isa = PBXGroup;
			children = (
				6395A1711C72AACB00E6A077 /* Base Untyped Non-Reactive Gmail API */,
				6395A1721C72AB1600E6A077 /* Gmail API Types */,
				6395A1731C72AB4200E6A077 /* GmailTypedReactiveAPIProvider */,
			);
			name = GmailTypedReactiveAPI;
			sourceTree = "<group>";
		};
		6395A1711C72AACB00E6A077 /* Base Untyped Non-Reactive Gmail API */ = {
			isa = PBXGroup;
			children = (
				6395A1771C737FC100E6A077 /* API Parameter Types */,
				6395A1421C72A98700E6A077 /* GmailAPI.swift */,
				6395A1431C72A98700E6A077 /* GmailAPI+OAuth2Provider.swift */,
				6395A1481C72A98700E6A077 /* NSMutableURLRequest+OAuth2Signining.swift */,
			);
			name = "Base Untyped Non-Reactive Gmail API";
			sourceTree = "<group>";
		};
		6395A1721C72AB1600E6A077 /* Gmail API Types */ = {
			isa = PBXGroup;
			children = (
				6395A1441C72A98700E6A077 /* GmailMessageReference.swift */,
				6395A17C1C7388C200E6A077 /* GmailThreadReference.swift */,
			);
			name = "Gmail API Types";
			sourceTree = "<group>";
		};
		6395A1731C72AB4200E6A077 /* GmailTypedReactiveAPIProvider */ = {
			isa = PBXGroup;
			children = (
				6395A1461C72A98700E6A077 /* GmailTypedReactiveAPIProvider.swift */,
				6395A1471C72A98700E6A077 /* GmailTypedReactiveAPIProvider+searchMessages.swift */,
				6395A17A1C7381D700E6A077 /* GmailTypedReactiveAPIProvider+searchThreads.swift */,
			);
			name = GmailTypedReactiveAPIProvider;
			sourceTree = "<group>";
		};
		6395A1741C72B1EE00E6A077 /* SwiftyGmail-FappFramework-Tests */ = {
			isa = PBXGroup;
			children = (
				6395A1751C72B20900E6A077 /* SearchTermTests.swift */,
			);
			name = "SwiftyGmail-FappFramework-Tests";
			sourceTree = "<group>";
		};
		6395A1771C737FC100E6A077 /* API Parameter Types */ = {
			isa = PBXGroup;
			children = (
				6395A1781C737FD100E6A077 /* SearchTerm.swift */,
			);
			name = "API Parameter Types";
			sourceTree = "<group>";
		};
/* End PBXGroup section */

/* Begin PBXNativeTarget section */
		6395A1101C72A94E00E6A077 /* NewsletterForGmail */ = {
			isa = PBXNativeTarget;
			buildConfigurationList = 6395A1391C72A94E00E6A077 /* Build configuration list for PBXNativeTarget "NewsletterForGmail" */;
			buildPhases = (
				6395A10D1C72A94E00E6A077 /* Sources */,
				6395A10E1C72A94E00E6A077 /* Frameworks */,
				6395A10F1C72A94E00E6A077 /* Resources */,
				6395A16D1C72A9FA00E6A077 /* Embed Frameworks */,
			);
			buildRules = (
			);
			dependencies = (
			);
			name = NewsletterForGmail;
			productName = NewsletterForGmail;
			productReference = 6395A1111C72A94E00E6A077 /* NewsletterForGmail.app */;
			productType = "com.apple.product-type.application";
		};
		6395A1241C72A94E00E6A077 /* NewsletterForGmailTests */ = {
			isa = PBXNativeTarget;
			buildConfigurationList = 6395A13C1C72A94E00E6A077 /* Build configuration list for PBXNativeTarget "NewsletterForGmailTests" */;
			buildPhases = (
				6395A1211C72A94E00E6A077 /* Sources */,
				6395A1221C72A94E00E6A077 /* Frameworks */,
				6395A1231C72A94E00E6A077 /* Resources */,
			);
			buildRules = (
			);
			dependencies = (
				6395A1271C72A94E00E6A077 /* PBXTargetDependency */,
			);
			name = NewsletterForGmailTests;
			productName = NewsletterForGmailTests;
			productReference = 6395A1251C72A94E00E6A077 /* NewsletterForGmailTests.xctest */;
			productType = "com.apple.product-type.bundle.unit-test";
		};
		6395A12F1C72A94E00E6A077 /* NewsletterForGmailUITests */ = {
			isa = PBXNativeTarget;
			buildConfigurationList = 6395A13F1C72A94E00E6A077 /* Build configuration list for PBXNativeTarget "NewsletterForGmailUITests" */;
			buildPhases = (
				6395A12C1C72A94E00E6A077 /* Sources */,
				6395A12D1C72A94E00E6A077 /* Frameworks */,
				6395A12E1C72A94E00E6A077 /* Resources */,
			);
			buildRules = (
			);
			dependencies = (
				6395A1321C72A94E00E6A077 /* PBXTargetDependency */,
			);
			name = NewsletterForGmailUITests;
			productName = NewsletterForGmailUITests;
			productReference = 6395A1301C72A94E00E6A077 /* NewsletterForGmailUITests.xctest */;
			productType = "com.apple.product-type.bundle.ui-testing";
		};
/* End PBXNativeTarget section */

/* Begin PBXProject section */
		6395A1091C72A94E00E6A077 /* Project object */ = {
			isa = PBXProject;
			attributes = {
				LastSwiftUpdateCheck = 0720;
				LastUpgradeCheck = 0720;
				ORGANIZATIONNAME = "Atai Barkai";
				TargetAttributes = {
					6395A1101C72A94E00E6A077 = {
						CreatedOnToolsVersion = 7.2.1;
					};
					6395A1241C72A94E00E6A077 = {
						CreatedOnToolsVersion = 7.2.1;
						TestTargetID = 6395A1101C72A94E00E6A077;
					};
					6395A12F1C72A94E00E6A077 = {
						CreatedOnToolsVersion = 7.2.1;
						TestTargetID = 6395A1101C72A94E00E6A077;
					};
				};
			};
			buildConfigurationList = 6395A10C1C72A94E00E6A077 /* Build configuration list for PBXProject "NewsletterForGmail" */;
			compatibilityVersion = "Xcode 3.2";
			developmentRegion = English;
			hasScannedForEncodings = 0;
			knownRegions = (
				en,
				Base,
			);
			mainGroup = 6395A1081C72A94E00E6A077;
			productRefGroup = 6395A1121C72A94E00E6A077 /* Products */;
			projectDirPath = "";
			projectRoot = "";
			targets = (
				6395A1101C72A94E00E6A077 /* NewsletterForGmail */,
				6395A1241C72A94E00E6A077 /* NewsletterForGmailTests */,
				6395A12F1C72A94E00E6A077 /* NewsletterForGmailUITests */,
			);
		};
/* End PBXProject section */

/* Begin PBXResourcesBuildPhase section */
		6395A10F1C72A94E00E6A077 /* Resources */ = {
			isa = PBXResourcesBuildPhase;
			buildActionMask = 2147483647;
			files = (
				6395A11F1C72A94E00E6A077 /* LaunchScreen.storyboard in Resources */,
				6395A11C1C72A94E00E6A077 /* Assets.xcassets in Resources */,
				6395A11A1C72A94E00E6A077 /* Main.storyboard in Resources */,
			);
			runOnlyForDeploymentPostprocessing = 0;
		};
		6395A1231C72A94E00E6A077 /* Resources */ = {
			isa = PBXResourcesBuildPhase;
			buildActionMask = 2147483647;
			files = (
			);
			runOnlyForDeploymentPostprocessing = 0;
		};
		6395A12E1C72A94E00E6A077 /* Resources */ = {
			isa = PBXResourcesBuildPhase;
			buildActionMask = 2147483647;
			files = (
			);
			runOnlyForDeploymentPostprocessing = 0;
		};
/* End PBXResourcesBuildPhase section */

/* Begin PBXSourcesBuildPhase section */
		6395A10D1C72A94E00E6A077 /* Sources */ = {
			isa = PBXSourcesBuildPhase;
			buildActionMask = 2147483647;
			files = (
				6395A14D1C72A98700E6A077 /* GmailMessageReference.swift in Sources */,
				6395A14F1C72A98700E6A077 /* GmailTypedReactiveAPIProvider.swift in Sources */,
				6395A14E1C72A98700E6A077 /* GmailOAuth2.swift in Sources */,
				6395A1171C72A94E00E6A077 /* ViewController.swift in Sources */,
				6395A1531C72A98700E6A077 /* SwiftyJSONCompletion.swift in Sources */,
				6395A14C1C72A98700E6A077 /* GmailAPI+OAuth2Provider.swift in Sources */,
				6395A1151C72A94E00E6A077 /* AppDelegate.swift in Sources */,
				6395A1511C72A98700E6A077 /* NSMutableURLRequest+OAuth2Signining.swift in Sources */,
				6395A1501C72A98700E6A077 /* GmailTypedReactiveAPIProvider+searchMessages.swift in Sources */,
				6395A1791C737FD100E6A077 /* SearchTerm.swift in Sources */,
				6395A17B1C7381D700E6A077 /* GmailTypedReactiveAPIProvider+searchThreads.swift in Sources */,
				6395A1521C72A98700E6A077 /* ReactiveCocoa+Moya+SwiftyJSON.swift in Sources */,
				6395A17D1C7388C200E6A077 /* GmailThreadReference.swift in Sources */,
				6395A14B1C72A98700E6A077 /* GmailAPI.swift in Sources */,
			);
			runOnlyForDeploymentPostprocessing = 0;
		};
		6395A1211C72A94E00E6A077 /* Sources */ = {
			isa = PBXSourcesBuildPhase;
			buildActionMask = 2147483647;
			files = (
				6395A12A1C72A94E00E6A077 /* NewsletterForGmailTests.swift in Sources */,
				6395A1761C72B20900E6A077 /* SearchTermTests.swift in Sources */,
			);
			runOnlyForDeploymentPostprocessing = 0;
		};
		6395A12C1C72A94E00E6A077 /* Sources */ = {
			isa = PBXSourcesBuildPhase;
			buildActionMask = 2147483647;
			files = (
				6395A1351C72A94E00E6A077 /* NewsletterForGmailUITests.swift in Sources */,
			);
			runOnlyForDeploymentPostprocessing = 0;
		};
/* End PBXSourcesBuildPhase section */

/* Begin PBXTargetDependency section */
		6395A1271C72A94E00E6A077 /* PBXTargetDependency */ = {
			isa = PBXTargetDependency;
			target = 6395A1101C72A94E00E6A077 /* NewsletterForGmail */;
			targetProxy = 6395A1261C72A94E00E6A077 /* PBXContainerItemProxy */;
		};
		6395A1321C72A94E00E6A077 /* PBXTargetDependency */ = {
			isa = PBXTargetDependency;
			target = 6395A1101C72A94E00E6A077 /* NewsletterForGmail */;
			targetProxy = 6395A1311C72A94E00E6A077 /* PBXContainerItemProxy */;
		};
/* End PBXTargetDependency section */

/* Begin PBXVariantGroup section */
		6395A1181C72A94E00E6A077 /* Main.storyboard */ = {
			isa = PBXVariantGroup;
			children = (
				6395A1191C72A94E00E6A077 /* Base */,
			);
			name = Main.storyboard;
			sourceTree = "<group>";
		};
		6395A11D1C72A94E00E6A077 /* LaunchScreen.storyboard */ = {
			isa = PBXVariantGroup;
			children = (
				6395A11E1C72A94E00E6A077 /* Base */,
			);
			name = LaunchScreen.storyboard;
			sourceTree = "<group>";
		};
/* End PBXVariantGroup section */

/* Begin XCBuildConfiguration section */
		6395A1371C72A94E00E6A077 /* Debug */ = {
			isa = XCBuildConfiguration;
			buildSettings = {
				ALWAYS_SEARCH_USER_PATHS = NO;
				CLANG_CXX_LANGUAGE_STANDARD = "gnu++0x";
				CLANG_CXX_LIBRARY = "libc++";
				CLANG_ENABLE_MODULES = YES;
				CLANG_ENABLE_OBJC_ARC = YES;
				CLANG_WARN_BOOL_CONVERSION = YES;
				CLANG_WARN_CONSTANT_CONVERSION = YES;
				CLANG_WARN_DIRECT_OBJC_ISA_USAGE = YES_ERROR;
				CLANG_WARN_EMPTY_BODY = YES;
				CLANG_WARN_ENUM_CONVERSION = YES;
				CLANG_WARN_INT_CONVERSION = YES;
				CLANG_WARN_OBJC_ROOT_CLASS = YES_ERROR;
				CLANG_WARN_UNREACHABLE_CODE = YES;
				CLANG_WARN__DUPLICATE_METHOD_MATCH = YES;
				"CODE_SIGN_IDENTITY[sdk=iphoneos*]" = "iPhone Developer";
				COPY_PHASE_STRIP = NO;
				DEBUG_INFORMATION_FORMAT = dwarf;
				ENABLE_STRICT_OBJC_MSGSEND = YES;
				ENABLE_TESTABILITY = YES;
				GCC_C_LANGUAGE_STANDARD = gnu99;
				GCC_DYNAMIC_NO_PIC = NO;
				GCC_NO_COMMON_BLOCKS = YES;
				GCC_OPTIMIZATION_LEVEL = 0;
				GCC_PREPROCESSOR_DEFINITIONS = (
					"DEBUG=1",
					"$(inherited)",
				);
				GCC_WARN_64_TO_32_BIT_CONVERSION = YES;
				GCC_WARN_ABOUT_RETURN_TYPE = YES_ERROR;
				GCC_WARN_UNDECLARED_SELECTOR = YES;
				GCC_WARN_UNINITIALIZED_AUTOS = YES_AGGRESSIVE;
				GCC_WARN_UNUSED_FUNCTION = YES;
				GCC_WARN_UNUSED_VARIABLE = YES;
				IPHONEOS_DEPLOYMENT_TARGET = 9.2;
				MTL_ENABLE_DEBUG_INFO = YES;
				ONLY_ACTIVE_ARCH = YES;
				SDKROOT = iphoneos;
				SWIFT_OPTIMIZATION_LEVEL = "-Onone";
				TARGETED_DEVICE_FAMILY = "1,2";
			};
			name = Debug;
		};
		6395A1381C72A94E00E6A077 /* Release */ = {
			isa = XCBuildConfiguration;
			buildSettings = {
				ALWAYS_SEARCH_USER_PATHS = NO;
				CLANG_CXX_LANGUAGE_STANDARD = "gnu++0x";
				CLANG_CXX_LIBRARY = "libc++";
				CLANG_ENABLE_MODULES = YES;
				CLANG_ENABLE_OBJC_ARC = YES;
				CLANG_WARN_BOOL_CONVERSION = YES;
				CLANG_WARN_CONSTANT_CONVERSION = YES;
				CLANG_WARN_DIRECT_OBJC_ISA_USAGE = YES_ERROR;
				CLANG_WARN_EMPTY_BODY = YES;
				CLANG_WARN_ENUM_CONVERSION = YES;
				CLANG_WARN_INT_CONVERSION = YES;
				CLANG_WARN_OBJC_ROOT_CLASS = YES_ERROR;
				CLANG_WARN_UNREACHABLE_CODE = YES;
				CLANG_WARN__DUPLICATE_METHOD_MATCH = YES;
				"CODE_SIGN_IDENTITY[sdk=iphoneos*]" = "iPhone Developer";
				COPY_PHASE_STRIP = NO;
				DEBUG_INFORMATION_FORMAT = "dwarf-with-dsym";
				ENABLE_NS_ASSERTIONS = NO;
				ENABLE_STRICT_OBJC_MSGSEND = YES;
				GCC_C_LANGUAGE_STANDARD = gnu99;
				GCC_NO_COMMON_BLOCKS = YES;
				GCC_WARN_64_TO_32_BIT_CONVERSION = YES;
				GCC_WARN_ABOUT_RETURN_TYPE = YES_ERROR;
				GCC_WARN_UNDECLARED_SELECTOR = YES;
				GCC_WARN_UNINITIALIZED_AUTOS = YES_AGGRESSIVE;
				GCC_WARN_UNUSED_FUNCTION = YES;
				GCC_WARN_UNUSED_VARIABLE = YES;
				IPHONEOS_DEPLOYMENT_TARGET = 9.2;
				MTL_ENABLE_DEBUG_INFO = NO;
				SDKROOT = iphoneos;
				TARGETED_DEVICE_FAMILY = "1,2";
				VALIDATE_PRODUCT = YES;
			};
			name = Release;
		};
		6395A13A1C72A94E00E6A077 /* Debug */ = {
			isa = XCBuildConfiguration;
			buildSettings = {
				ASSETCATALOG_COMPILER_APPICON_NAME = AppIcon;
				FRAMEWORK_SEARCH_PATHS = (
					"$(inherited)",
					"$(PROJECT_DIR)/Carthage/Build/iOS",
				);
				INFOPLIST_FILE = NewsletterForGmail/Info.plist;
				LD_RUNPATH_SEARCH_PATHS = "$(inherited) @executable_path/Frameworks";
				PRODUCT_BUNDLE_IDENTIFIER = "Atai-Barkai.NewsletterForGmail";
				PRODUCT_NAME = "$(TARGET_NAME)";
			};
			name = Debug;
		};
		6395A13B1C72A94E00E6A077 /* Release */ = {
			isa = XCBuildConfiguration;
			buildSettings = {
				ASSETCATALOG_COMPILER_APPICON_NAME = AppIcon;
				FRAMEWORK_SEARCH_PATHS = (
					"$(inherited)",
					"$(PROJECT_DIR)/Carthage/Build/iOS",
				);
				INFOPLIST_FILE = NewsletterForGmail/Info.plist;
				LD_RUNPATH_SEARCH_PATHS = "$(inherited) @executable_path/Frameworks";
				PRODUCT_BUNDLE_IDENTIFIER = "Atai-Barkai.NewsletterForGmail";
				PRODUCT_NAME = "$(TARGET_NAME)";
			};
			name = Release;
		};
		6395A13D1C72A94E00E6A077 /* Debug */ = {
			isa = XCBuildConfiguration;
			buildSettings = {
				BUNDLE_LOADER = "$(TEST_HOST)";
				INFOPLIST_FILE = NewsletterForGmailTests/Info.plist;
				LD_RUNPATH_SEARCH_PATHS = "$(inherited) @executable_path/Frameworks @loader_path/Frameworks";
				PRODUCT_BUNDLE_IDENTIFIER = "Atai-Barkai.NewsletterForGmailTests";
				PRODUCT_NAME = "$(TARGET_NAME)";
				TEST_HOST = "$(BUILT_PRODUCTS_DIR)/NewsletterForGmail.app/NewsletterForGmail";
			};
			name = Debug;
		};
		6395A13E1C72A94E00E6A077 /* Release */ = {
			isa = XCBuildConfiguration;
			buildSettings = {
				BUNDLE_LOADER = "$(TEST_HOST)";
				INFOPLIST_FILE = NewsletterForGmailTests/Info.plist;
				LD_RUNPATH_SEARCH_PATHS = "$(inherited) @executable_path/Frameworks @loader_path/Frameworks";
				PRODUCT_BUNDLE_IDENTIFIER = "Atai-Barkai.NewsletterForGmailTests";
				PRODUCT_NAME = "$(TARGET_NAME)";
				TEST_HOST = "$(BUILT_PRODUCTS_DIR)/NewsletterForGmail.app/NewsletterForGmail";
			};
			name = Release;
		};
		6395A1401C72A94E00E6A077 /* Debug */ = {
			isa = XCBuildConfiguration;
			buildSettings = {
				INFOPLIST_FILE = NewsletterForGmailUITests/Info.plist;
				LD_RUNPATH_SEARCH_PATHS = "$(inherited) @executable_path/Frameworks @loader_path/Frameworks";
				PRODUCT_BUNDLE_IDENTIFIER = "Atai-Barkai.NewsletterForGmailUITests";
				PRODUCT_NAME = "$(TARGET_NAME)";
				TEST_TARGET_NAME = NewsletterForGmail;
				USES_XCTRUNNER = YES;
			};
			name = Debug;
		};
		6395A1411C72A94E00E6A077 /* Release */ = {
			isa = XCBuildConfiguration;
			buildSettings = {
				INFOPLIST_FILE = NewsletterForGmailUITests/Info.plist;
				LD_RUNPATH_SEARCH_PATHS = "$(inherited) @executable_path/Frameworks @loader_path/Frameworks";
				PRODUCT_BUNDLE_IDENTIFIER = "Atai-Barkai.NewsletterForGmailUITests";
				PRODUCT_NAME = "$(TARGET_NAME)";
				TEST_TARGET_NAME = NewsletterForGmail;
				USES_XCTRUNNER = YES;
			};
			name = Release;
		};
/* End XCBuildConfiguration section */

/* Begin XCConfigurationList section */
		6395A10C1C72A94E00E6A077 /* Build configuration list for PBXProject "NewsletterForGmail" */ = {
			isa = XCConfigurationList;
			buildConfigurations = (
				6395A1371C72A94E00E6A077 /* Debug */,
				6395A1381C72A94E00E6A077 /* Release */,
			);
			defaultConfigurationIsVisible = 0;
			defaultConfigurationName = Release;
		};
		6395A1391C72A94E00E6A077 /* Build configuration list for PBXNativeTarget "NewsletterForGmail" */ = {
			isa = XCConfigurationList;
			buildConfigurations = (
				6395A13A1C72A94E00E6A077 /* Debug */,
				6395A13B1C72A94E00E6A077 /* Release */,
			);
			defaultConfigurationIsVisible = 0;
			defaultConfigurationName = Release;
		};
		6395A13C1C72A94E00E6A077 /* Build configuration list for PBXNativeTarget "NewsletterForGmailTests" */ = {
			isa = XCConfigurationList;
			buildConfigurations = (
				6395A13D1C72A94E00E6A077 /* Debug */,
				6395A13E1C72A94E00E6A077 /* Release */,
			);
			defaultConfigurationIsVisible = 0;
			defaultConfigurationName = Release;
		};
		6395A13F1C72A94E00E6A077 /* Build configuration list for PBXNativeTarget "NewsletterForGmailUITests" */ = {
			isa = XCConfigurationList;
			buildConfigurations = (
				6395A1401C72A94E00E6A077 /* Debug */,
				6395A1411C72A94E00E6A077 /* Release */,
			);
			defaultConfigurationIsVisible = 0;
			defaultConfigurationName = Release;
		};
/* End XCConfigurationList section */
	};
	rootObject = 6395A1091C72A94E00E6A077 /* Project object */;
}
